{
    "name": "usingdomainexample",
    "version": "2.0.0",
    "lockfileVersion": 3,
    "requires": true,
    "packages": {
        "": {
            "name": "usingdomainexample",
            "version": "2.0.0",
            "license": "MIT",
            "dependencies": {
                "langium-domainmodel-dsl": "file:../../../LangiumExamples/examples/domainmodel",
                "typescript": "^5.2.2"
            },
            "devDependencies": {
                "langium-cli": "~2.0.0"
            },
            "engines": {
                "vscode": "^1.67.0"
            }
        },
        "../../../../../../temp/LangiumExamples/examples/domainmodel": {
            "version": "2.0.0",
            "extraneous": true,
            "license": "MIT",
            "dependencies": {
                "chalk": "~5.3.0",
                "commander": "~11.0.0",
                "langium": "~2.0.0",
                "lodash": "~4.17.21",
                "vscode-languageclient": "~8.1.0",
                "vscode-languageserver": "~8.1.0"
            },
            "bin": {
                "domainmodel-cli": "bin/cli.js"
            },
            "devDependencies": {
                "langium-cli": "~2.0.0"
            },
            "engines": {
                "vscode": "^1.67.0"
            }
        },
        "../../../../Users/docer/OneDrive/Documents/GitHub/vscode/langium/examples/domainmodel": {
            "name": "langium-domainmodel-dsl",
            "version": "2.0.0",
            "extraneous": true,
            "license": "MIT",
            "dependencies": {
                "chalk": "~5.3.0",
                "commander": "~11.0.0",
                "langium": "~2.0.0",
                "lodash": "~4.17.21",
                "vscode-languageclient": "~8.1.0",
                "vscode-languageserver": "~8.1.0"
            },
            "bin": {
                "domainmodel-cli": "bin/cli.js"
            },
            "devDependencies": {
                "langium-cli": "~2.0.0"
            },
            "engines": {
                "vscode": "^1.67.0"
            }
        },
        "../../../LangiumExamples/examples/domainmodel": {
            "version": "2.0.0",
            "license": "MIT",
            "dependencies": {
                "chalk": "~5.3.0",
                "commander": "~11.0.0",
                "langium": "~2.0.0",
                "lodash": "~4.17.21",
                "vscode-languageclient": "~8.1.0",
                "vscode-languageserver": "~8.1.0"
            },
            "bin": {
                "domainmodel-cli": "bin/cli.js"
            },
            "devDependencies": {
                "langium-cli": "~2.0.0"
            },
            "engines": {
                "vscode": "^1.67.0"
            }
        },
        "node_modules/@chevrotain/cst-dts-gen": {
            "version": "11.0.3",
            "dev": true,
            "license": "Apache-2.0",
            "dependencies": {
                "@chevrotain/gast": "11.0.3",
                "@chevrotain/types": "11.0.3",
                "lodash-es": "4.17.21"
            }
        },
        "node_modules/@chevrotain/gast": {
            "version": "11.0.3",
            "dev": true,
            "license": "Apache-2.0",
            "dependencies": {
                "@chevrotain/types": "11.0.3",
                "lodash-es": "4.17.21"
            }
        },
        "node_modules/@chevrotain/regexp-to-ast": {
            "version": "11.0.3",
            "dev": true,
            "license": "Apache-2.0"
        },
        "node_modules/@chevrotain/types": {
            "version": "11.0.3",
            "dev": true,
            "license": "Apache-2.0"
        },
        "node_modules/@chevrotain/utils": {
            "version": "11.0.3",
            "dev": true,
            "license": "Apache-2.0"
        },
        "node_modules/chalk": {
            "version": "5.3.0",
            "dev": true,
            "license": "MIT",
            "engines": {
                "node": "^12.17.0 || ^14.13 || >=16.0.0"
            },
            "funding": {
                "url": "https://github.com/chalk/chalk?sponsor=1"
            }
        },
        "node_modules/chevrotain": {
            "version": "11.0.3",
            "dev": true,
            "license": "Apache-2.0",
            "dependencies": {
                "@chevrotain/cst-dts-gen": "11.0.3",
                "@chevrotain/gast": "11.0.3",
                "@chevrotain/regexp-to-ast": "11.0.3",
                "@chevrotain/types": "11.0.3",
                "@chevrotain/utils": "11.0.3",
                "lodash-es": "4.17.21"
            }
        },
        "node_modules/chevrotain-allstar": {
            "version": "0.3.1",
            "dev": true,
            "license": "MIT",
            "dependencies": {
                "lodash-es": "^4.17.21"
            },
            "peerDependencies": {
                "chevrotain": "^11.0.0"
            }
        },
        "node_modules/commander": {
            "version": "10.0.1",
            "dev": true,
            "license": "MIT",
            "engines": {
                "node": ">=14"
            }
        },
        "node_modules/fs-extra": {
            "version": "11.1.1",
            "dev": true,
            "license": "MIT",
            "dependencies": {
                "graceful-fs": "^4.2.0",
                "jsonfile": "^6.0.1",
                "universalify": "^2.0.0"
            },
            "engines": {
                "node": ">=14.14"
            }
        },
        "node_modules/graceful-fs": {
            "version": "4.2.11",
            "dev": true,
            "license": "ISC"
        },
        "node_modules/jsonfile": {
            "version": "6.1.0",
            "dev": true,
            "license": "MIT",
            "dependencies": {
                "universalify": "^2.0.0"
            },
            "optionalDependencies": {
                "graceful-fs": "^4.1.6"
            }
        },
        "node_modules/jsonschema": {
            "version": "1.4.1",
            "dev": true,
            "license": "MIT",
            "engines": {
                "node": "*"
            }
        },
        "node_modules/langium": {
            "version": "2.0.2",
            "dev": true,
            "license": "MIT",
            "dependencies": {
                "chevrotain": "^11.0.1",
                "chevrotain-allstar": "^0.3.0",
                "vscode-languageserver": "~8.0.2",
                "vscode-languageserver-textdocument": "~1.0.8",
                "vscode-uri": "~3.0.7"
            },
            "engines": {
                "node": ">=16.0.0"
            }
        },
        "node_modules/langium-cli": {
            "version": "2.0.1",
            "dev": true,
            "license": "MIT",
            "dependencies": {
                "chalk": "~5.3.0",
                "commander": "~10.0.0",
                "fs-extra": "~11.1.0",
                "jsonschema": "~1.4.1",
                "langium": "~2.0.0",
                "langium-railroad": "~2.0.0",
                "lodash": "~4.17.21"
            },
            "bin": {
                "langium": "bin/langium.js"
            },
            "engines": {
                "node": ">=16.0.0"
            }
        },
        "node_modules/langium-domainmodel-dsl": {
            "resolved": "../../../LangiumExamples/examples/domainmodel",
            "link": true
        },
        "node_modules/langium-railroad": {
            "version": "2.0.0",
            "dev": true,
            "license": "MIT",
            "dependencies": {
                "langium": "~2.0.0",
                "railroad-diagrams": "^1.0.0"
            }
        },
        "node_modules/lodash": {
            "version": "4.17.21",
            "dev": true,
            "license": "MIT"
        },
        "node_modules/lodash-es": {
            "version": "4.17.21",
            "dev": true,
            "license": "MIT"
        },
        "node_modules/railroad-diagrams": {
            "version": "1.0.0",
            "dev": true,
            "license": "CC0-1.0"
        },
        "node_modules/typescript": {
            "version": "5.2.2",
            "resolved": "https://registry.npmjs.org/typescript/-/typescript-5.2.2.tgz",
            "integrity": "sha512-mI4WrpHsbCIcwT9cF4FZvr80QUeKvsUsUvKDoR+X/7XHQH98xYD8YHZg7ANtz2GtZt/CBq2QJ0thkGJMHfqc1w==",
            "bin": {
                "tsc": "bin/tsc",
                "tsserver": "bin/tsserver"
            },
            "engines": {
                "node": ">=14.17"
            }
        },
        "node_modules/universalify": {
            "version": "2.0.0",
            "dev": true,
            "license": "MIT",
            "engines": {
                "node": ">= 10.0.0"
            }
        },
        "node_modules/vscode-jsonrpc": {
            "version": "8.0.2",
            "dev": true,
            "license": "MIT",
            "engines": {
                "node": ">=14.0.0"
            }
        },
        "node_modules/vscode-languageserver": {
            "version": "8.0.2",
            "dev": true,
            "license": "MIT",
            "dependencies": {
                "vscode-languageserver-protocol": "3.17.2"
            },
            "bin": {
                "installServerIntoExtension": "bin/installServerIntoExtension"
            }
        },
        "node_modules/vscode-languageserver-protocol": {
            "version": "3.17.2",
            "dev": true,
            "license": "MIT",
            "dependencies": {
                "vscode-jsonrpc": "8.0.2",
                "vscode-languageserver-types": "3.17.2"
            }
        },
        "node_modules/vscode-languageserver-textdocument": {
            "version": "1.0.8",
            "dev": true,
            "license": "MIT"
        },
        "node_modules/vscode-languageserver-types": {
            "version": "3.17.2",
            "dev": true,
            "license": "MIT"
        },
        "node_modules/vscode-uri": {
            "version": "3.0.7",
            "dev": true,
            "license": "MIT"
        }
    }
}
